// !$*UTF8*$!
{
	archiveVersion = 1;
	classes = {
	};
	objectVersion = 50;
	objects = {

/* Begin PBXBuildFile section */
		1457AA1A22C214B90010170F /* AppDelegate.swift in Sources */ = {isa = PBXBuildFile; fileRef = 1457AA1922C214B90010170F /* AppDelegate.swift */; };
		1457AA1C22C214B90010170F /* ViewController.swift in Sources */ = {isa = PBXBuildFile; fileRef = 1457AA1B22C214B90010170F /* ViewController.swift */; };
		1457AA1F22C214B90010170F /* Main.storyboard in Resources */ = {isa = PBXBuildFile; fileRef = 1457AA1D22C214B90010170F /* Main.storyboard */; };
		1457AA2122C214BA0010170F /* Assets.xcassets in Resources */ = {isa = PBXBuildFile; fileRef = 1457AA2022C214BA0010170F /* Assets.xcassets */; };
		1457AA2422C214BA0010170F /* LaunchScreen.storyboard in Resources */ = {isa = PBXBuildFile; fileRef = 1457AA2222C214BA0010170F /* LaunchScreen.storyboard */; };
		1457AA2F22C214BA0010170F /* RecordForChatTests.swift in Sources */ = {isa = PBXBuildFile; fileRef = 1457AA2E22C214BA0010170F /* RecordForChatTests.swift */; };
		1457AA3A22C214BA0010170F /* RecordForChatUITests.swift in Sources */ = {isa = PBXBuildFile; fileRef = 1457AA3922C214BA0010170F /* RecordForChatUITests.swift */; };
		1457AA4922C2157A0010170F /* VoiceVolumeView.swift in Sources */ = {isa = PBXBuildFile; fileRef = 1457AA4822C2157A0010170F /* VoiceVolumeView.swift */; };
		1457AA4B22C215980010170F /* VoiceCell.swift in Sources */ = {isa = PBXBuildFile; fileRef = 1457AA4A22C215980010170F /* VoiceCell.swift */; };
		1457AA6622C21EEA0010170F /* chat_volume3.png in Resources */ = {isa = PBXBuildFile; fileRef = 1457AA5E22C21EEA0010170F /* chat_volume3.png */; };
		1457AA6722C21EEA0010170F /* chat_volume2.png in Resources */ = {isa = PBXBuildFile; fileRef = 1457AA5F22C21EEA0010170F /* chat_volume2.png */; };
		1457AA6922C21EEA0010170F /* chat_volume7.png in Resources */ = {isa = PBXBuildFile; fileRef = 1457AA6122C21EEA0010170F /* chat_volume7.png */; };
		1457AA6A22C21EEA0010170F /* chat_volume1.png in Resources */ = {isa = PBXBuildFile; fileRef = 1457AA6222C21EEA0010170F /* chat_volume1.png */; };
		1457AA6B22C21EEA0010170F /* chat_volume6.png in Resources */ = {isa = PBXBuildFile; fileRef = 1457AA6322C21EEA0010170F /* chat_volume6.png */; };
		1457AA6C22C21EEA0010170F /* chat_volume5.png in Resources */ = {isa = PBXBuildFile; fileRef = 1457AA6422C21EEA0010170F /* chat_volume5.png */; };
		1457AA6F22C226690010170F /* chat_volume_cancel.png in Resources */ = {isa = PBXBuildFile; fileRef = 1457AA6E22C226690010170F /* chat_volume_cancel.png */; };
		1457AA7222C301A50010170F /* chat_volume0.png in Resources */ = {isa = PBXBuildFile; fileRef = 1457AA7022C301A50010170F /* chat_volume0.png */; };
		1457AA7322C301A50010170F /* chat_volume4.png in Resources */ = {isa = PBXBuildFile; fileRef = 1457AA7122C301A50010170F /* chat_volume4.png */; };
/* End PBXBuildFile section */

/* Begin PBXContainerItemProxy section */
		1457AA2B22C214BA0010170F /* PBXContainerItemProxy */ = {
			isa = PBXContainerItemProxy;
			containerPortal = 1457AA0E22C214B90010170F /* Project object */;
			proxyType = 1;
			remoteGlobalIDString = 1457AA1522C214B90010170F;
			remoteInfo = RecordForChat;
		};
		1457AA3622C214BA0010170F /* PBXContainerItemProxy */ = {
			isa = PBXContainerItemProxy;
			containerPortal = 1457AA0E22C214B90010170F /* Project object */;
			proxyType = 1;
			remoteGlobalIDString = 1457AA1522C214B90010170F;
			remoteInfo = RecordForChat;
		};
/* End PBXContainerItemProxy section */

/* Begin PBXFileReference section */
		1457AA1622C214B90010170F /* RecordForChat.app */ = {isa = PBXFileReference; explicitFileType = wrapper.application; includeInIndex = 0; path = RecordForChat.app; sourceTree = BUILT_PRODUCTS_DIR; };
		1457AA1922C214B90010170F /* AppDelegate.swift */ = {isa = PBXFileReference; lastKnownFileType = sourcecode.swift; path = AppDelegate.swift; sourceTree = "<group>"; };
		1457AA1B22C214B90010170F /* ViewController.swift */ = {isa = PBXFileReference; lastKnownFileType = sourcecode.swift; path = ViewController.swift; sourceTree = "<group>"; };
		1457AA1E22C214B90010170F /* Base */ = {isa = PBXFileReference; lastKnownFileType = file.storyboard; name = Base; path = Base.lproj/Main.storyboard; sourceTree = "<group>"; };
		1457AA2022C214BA0010170F /* Assets.xcassets */ = {isa = PBXFileReference; lastKnownFileType = folder.assetcatalog; path = Assets.xcassets; sourceTree = "<group>"; };
		1457AA2322C214BA0010170F /* Base */ = {isa = PBXFileReference; lastKnownFileType = file.storyboard; name = Base; path = Base.lproj/LaunchScreen.storyboard; sourceTree = "<group>"; };
		1457AA2522C214BA0010170F /* Info.plist */ = {isa = PBXFileReference; lastKnownFileType = text.plist.xml; path = Info.plist; sourceTree = "<group>"; };
		1457AA2A22C214BA0010170F /* RecordForChatTests.xctest */ = {isa = PBXFileReference; explicitFileType = wrapper.cfbundle; includeInIndex = 0; path = RecordForChatTests.xctest; sourceTree = BUILT_PRODUCTS_DIR; };
		1457AA2E22C214BA0010170F /* RecordForChatTests.swift */ = {isa = PBXFileReference; lastKnownFileType = sourcecode.swift; path = RecordForChatTests.swift; sourceTree = "<group>"; };
		1457AA3022C214BA0010170F /* Info.plist */ = {isa = PBXFileReference; lastKnownFileType = text.plist.xml; path = Info.plist; sourceTree = "<group>"; };
		1457AA3522C214BA0010170F /* RecordForChatUITests.xctest */ = {isa = PBXFileReference; explicitFileType = wrapper.cfbundle; includeInIndex = 0; path = RecordForChatUITests.xctest; sourceTree = BUILT_PRODUCTS_DIR; };
		1457AA3922C214BA0010170F /* RecordForChatUITests.swift */ = {isa = PBXFileReference; lastKnownFileType = sourcecode.swift; path = RecordForChatUITests.swift; sourceTree = "<group>"; };
		1457AA3B22C214BA0010170F /* Info.plist */ = {isa = PBXFileReference; lastKnownFileType = text.plist.xml; path = Info.plist; sourceTree = "<group>"; };
		1457AA4822C2157A0010170F /* VoiceVolumeView.swift */ = {isa = PBXFileReference; lastKnownFileType = sourcecode.swift; path = VoiceVolumeView.swift; sourceTree = "<group>"; };
		1457AA4A22C215980010170F /* VoiceCell.swift */ = {isa = PBXFileReference; lastKnownFileType = sourcecode.swift; path = VoiceCell.swift; sourceTree = "<group>"; };
		1457AA5E22C21EEA0010170F /* chat_volume3.png */ = {isa = PBXFileReference; lastKnownFileType = image.png; path = chat_volume3.png; sourceTree = "<group>"; };
		1457AA5F22C21EEA0010170F /* chat_volume2.png */ = {isa = PBXFileReference; lastKnownFileType = image.png; path = chat_volume2.png; sourceTree = "<group>"; };
		1457AA6122C21EEA0010170F /* chat_volume7.png */ = {isa = PBXFileReference; lastKnownFileType = image.png; path = chat_volume7.png; sourceTree = "<group>"; };
		1457AA6222C21EEA0010170F /* chat_volume1.png */ = {isa = PBXFileReference; lastKnownFileType = image.png; path = chat_volume1.png; sourceTree = "<group>"; };
		1457AA6322C21EEA0010170F /* chat_volume6.png */ = {isa = PBXFileReference; lastKnownFileType = image.png; path = chat_volume6.png; sourceTree = "<group>"; };
		1457AA6422C21EEA0010170F /* chat_volume5.png */ = {isa = PBXFileReference; lastKnownFileType = image.png; path = chat_volume5.png; sourceTree = "<group>"; };
		1457AA6E22C226690010170F /* chat_volume_cancel.png */ = {isa = PBXFileReference; lastKnownFileType = image.png; path = chat_volume_cancel.png; sourceTree = "<group>"; };
		1457AA7022C301A50010170F /* chat_volume0.png */ = {isa = PBXFileReference; lastKnownFileType = image.png; path = chat_volume0.png; sourceTree = "<group>"; };
		1457AA7122C301A50010170F /* chat_volume4.png */ = {isa = PBXFileReference; lastKnownFileType = image.png; path = chat_volume4.png; sourceTree = "<group>"; };
/* End PBXFileReference section */

/* Begin PBXFrameworksBuildPhase section */
		1457AA1322C214B90010170F /* Frameworks */ = {
			isa = PBXFrameworksBuildPhase;
			buildActionMask = 2147483647;
			files = (
			);
			runOnlyForDeploymentPostprocessing = 0;
		};
		1457AA2722C214BA0010170F /* Frameworks */ = {
			isa = PBXFrameworksBuildPhase;
			buildActionMask = 2147483647;
			files = (
			);
			runOnlyForDeploymentPostprocessing = 0;
		};
		1457AA3222C214BA0010170F /* Frameworks */ = {
			isa = PBXFrameworksBuildPhase;
			buildActionMask = 2147483647;
			files = (
			);
			runOnlyForDeploymentPostprocessing = 0;
		};
/* End PBXFrameworksBuildPhase section */

/* Begin PBXGroup section */
		1457AA0D22C214B90010170F = {
			isa = PBXGroup;
			children = (
				1457AA1822C214B90010170F /* RecordForChat */,
				1457AA2D22C214BA0010170F /* RecordForChatTests */,
				1457AA3822C214BA0010170F /* RecordForChatUITests */,
				1457AA1722C214B90010170F /* Products */,
			);
			sourceTree = "<group>";
		};
		1457AA1722C214B90010170F /* Products */ = {
			isa = PBXGroup;
			children = (
				1457AA1622C214B90010170F /* RecordForChat.app */,
				1457AA2A22C214BA0010170F /* RecordForChatTests.xctest */,
				1457AA3522C214BA0010170F /* RecordForChatUITests.xctest */,
			);
			name = Products;
			sourceTree = "<group>";
		};
		1457AA1822C214B90010170F /* RecordForChat */ = {
			isa = PBXGroup;
			children = (
				1457AA4C22C21A7F0010170F /* Resource */,
				1457AA4722C215640010170F /* View */,
				1457AA1922C214B90010170F /* AppDelegate.swift */,
				1457AA1B22C214B90010170F /* ViewController.swift */,
				1457AA1D22C214B90010170F /* Main.storyboard */,
				1457AA2022C214BA0010170F /* Assets.xcassets */,
				1457AA2222C214BA0010170F /* LaunchScreen.storyboard */,
				1457AA2522C214BA0010170F /* Info.plist */,
			);
			path = RecordForChat;
			sourceTree = "<group>";
		};
		1457AA2D22C214BA0010170F /* RecordForChatTests */ = {
			isa = PBXGroup;
			children = (
				1457AA2E22C214BA0010170F /* RecordForChatTests.swift */,
				1457AA3022C214BA0010170F /* Info.plist */,
			);
			path = RecordForChatTests;
			sourceTree = "<group>";
		};
		1457AA3822C214BA0010170F /* RecordForChatUITests */ = {
			isa = PBXGroup;
			children = (
				1457AA3922C214BA0010170F /* RecordForChatUITests.swift */,
				1457AA3B22C214BA0010170F /* Info.plist */,
			);
			path = RecordForChatUITests;
			sourceTree = "<group>";
		};
		1457AA4722C215640010170F /* View */ = {
			isa = PBXGroup;
			children = (
				1457AA4822C2157A0010170F /* VoiceVolumeView.swift */,
				1457AA4A22C215980010170F /* VoiceCell.swift */,
			);
			path = View;
			sourceTree = "<group>";
		};
		1457AA4C22C21A7F0010170F /* Resource */ = {
			isa = PBXGroup;
			children = (
				1457AA4D22C21AA40010170F /* Image */,
			);
			path = Resource;
			sourceTree = "<group>";
		};
		1457AA4D22C21AA40010170F /* Image */ = {
			isa = PBXGroup;
			children = (
				1457AA6E22C226690010170F /* chat_volume_cancel.png */,
				1457AA7022C301A50010170F /* chat_volume0.png */,
				1457AA6222C21EEA0010170F /* chat_volume1.png */,
				1457AA5F22C21EEA0010170F /* chat_volume2.png */,
				1457AA5E22C21EEA0010170F /* chat_volume3.png */,
				1457AA7122C301A50010170F /* chat_volume4.png */,
				1457AA6422C21EEA0010170F /* chat_volume5.png */,
				1457AA6322C21EEA0010170F /* chat_volume6.png */,
				1457AA6122C21EEA0010170F /* chat_volume7.png */,
			);
			path = Image;
			sourceTree = "<group>";
		};
/* End PBXGroup section */

/* Begin PBXNativeTarget section */
		1457AA1522C214B90010170F /* RecordForChat */ = {
			isa = PBXNativeTarget;
			buildConfigurationList = 1457AA3E22C214BA0010170F /* Build configuration list for PBXNativeTarget "RecordForChat" */;
			buildPhases = (
				1457AA1222C214B90010170F /* Sources */,
				1457AA1322C214B90010170F /* Frameworks */,
				1457AA1422C214B90010170F /* Resources */,
			);
			buildRules = (
			);
			dependencies = (
			);
			name = RecordForChat;
			productName = RecordForChat;
			productReference = 1457AA1622C214B90010170F /* RecordForChat.app */;
			productType = "com.apple.product-type.application";
		};
		1457AA2922C214BA0010170F /* RecordForChatTests */ = {
			isa = PBXNativeTarget;
			buildConfigurationList = 1457AA4122C214BA0010170F /* Build configuration list for PBXNativeTarget "RecordForChatTests" */;
			buildPhases = (
				1457AA2622C214BA0010170F /* Sources */,
				1457AA2722C214BA0010170F /* Frameworks */,
				1457AA2822C214BA0010170F /* Resources */,
			);
			buildRules = (
			);
			dependencies = (
				1457AA2C22C214BA0010170F /* PBXTargetDependency */,
			);
			name = RecordForChatTests;
			productName = RecordForChatTests;
			productReference = 1457AA2A22C214BA0010170F /* RecordForChatTests.xctest */;
			productType = "com.apple.product-type.bundle.unit-test";
		};
		1457AA3422C214BA0010170F /* RecordForChatUITests */ = {
			isa = PBXNativeTarget;
			buildConfigurationList = 1457AA4422C214BA0010170F /* Build configuration list for PBXNativeTarget "RecordForChatUITests" */;
			buildPhases = (
				1457AA3122C214BA0010170F /* Sources */,
				1457AA3222C214BA0010170F /* Frameworks */,
				1457AA3322C214BA0010170F /* Resources */,
			);
			buildRules = (
			);
			dependencies = (
				1457AA3722C214BA0010170F /* PBXTargetDependency */,
			);
			name = RecordForChatUITests;
			productName = RecordForChatUITests;
			productReference = 1457AA3522C214BA0010170F /* RecordForChatUITests.xctest */;
			productType = "com.apple.product-type.bundle.ui-testing";
		};
/* End PBXNativeTarget section */

/* Begin PBXProject section */
		1457AA0E22C214B90010170F /* Project object */ = {
			isa = PBXProject;
			attributes = {
				LastSwiftUpdateCheck = 1010;
				LastUpgradeCheck = 1010;
				ORGANIZATIONNAME = "Qi Wang";
				TargetAttributes = {
					1457AA1522C214B90010170F = {
						CreatedOnToolsVersion = 10.1;
					};
					1457AA2922C214BA0010170F = {
						CreatedOnToolsVersion = 10.1;
						TestTargetID = 1457AA1522C214B90010170F;
					};
					1457AA3422C214BA0010170F = {
						CreatedOnToolsVersion = 10.1;
						TestTargetID = 1457AA1522C214B90010170F;
					};
				};
			};
			buildConfigurationList = 1457AA1122C214B90010170F /* Build configuration list for PBXProject "RecordForChat" */;
			compatibilityVersion = "Xcode 9.3";
			developmentRegion = en;
			hasScannedForEncodings = 0;
			knownRegions = (
				en,
				Base,
			);
			mainGroup = 1457AA0D22C214B90010170F;
			productRefGroup = 1457AA1722C214B90010170F /* Products */;
			projectDirPath = "";
			projectRoot = "";
			targets = (
				1457AA1522C214B90010170F /* RecordForChat */,
				1457AA2922C214BA0010170F /* RecordForChatTests */,
				1457AA3422C214BA0010170F /* RecordForChatUITests */,
			);
		};
/* End PBXProject section */

/* Begin PBXResourcesBuildPhase section */
		1457AA1422C214B90010170F /* Resources */ = {
			isa = PBXResourcesBuildPhase;
			buildActionMask = 2147483647;
			files = (
				1457AA6722C21EEA0010170F /* chat_volume2.png in Resources */,
				1457AA6F22C226690010170F /* chat_volume_cancel.png in Resources */,
				1457AA7322C301A50010170F /* chat_volume4.png in Resources */,
				1457AA2422C214BA0010170F /* LaunchScreen.storyboard in Resources */,
				1457AA6A22C21EEA0010170F /* chat_volume1.png in Resources */,
				1457AA6622C21EEA0010170F /* chat_volume3.png in Resources */,
				1457AA6C22C21EEA0010170F /* chat_volume5.png in Resources */,
				1457AA6B22C21EEA0010170F /* chat_volume6.png in Resources */,
				1457AA2122C214BA0010170F /* Assets.xcassets in Resources */,
				1457AA6922C21EEA0010170F /* chat_volume7.png in Resources */,
				1457AA7222C301A50010170F /* chat_volume0.png in Resources */,
				1457AA1F22C214B90010170F /* Main.storyboard in Resources */,
			);
			runOnlyForDeploymentPostprocessing = 0;
		};
		1457AA2822C214BA0010170F /* Resources */ = {
			isa = PBXResourcesBuildPhase;
			buildActionMask = 2147483647;
			files = (
			);
			runOnlyForDeploymentPostprocessing = 0;
		};
		1457AA3322C214BA0010170F /* Resources */ = {
			isa = PBXResourcesBuildPhase;
			buildActionMask = 2147483647;
			files = (
			);
			runOnlyForDeploymentPostprocessing = 0;
		};
/* End PBXResourcesBuildPhase section */

/* Begin PBXSourcesBuildPhase section */
		1457AA1222C214B90010170F /* Sources */ = {
			isa = PBXSourcesBuildPhase;
			buildActionMask = 2147483647;
			files = (
				1457AA4B22C215980010170F /* VoiceCell.swift in Sources */,
				1457AA4922C2157A0010170F /* VoiceVolumeView.swift in Sources */,
				1457AA1C22C214B90010170F /* ViewController.swift in Sources */,
				1457AA1A22C214B90010170F /* AppDelegate.swift in Sources */,
			);
			runOnlyForDeploymentPostprocessing = 0;
		};
		1457AA2622C214BA0010170F /* Sources */ = {
			isa = PBXSourcesBuildPhase;
			buildActionMask = 2147483647;
			files = (
				1457AA2F22C214BA0010170F /* RecordForChatTests.swift in Sources */,
			);
			runOnlyForDeploymentPostprocessing = 0;
		};
		1457AA3122C214BA0010170F /* Sources */ = {
			isa = PBXSourcesBuildPhase;
			buildActionMask = 2147483647;
			files = (
				1457AA3A22C214BA0010170F /* RecordForChatUITests.swift in Sources */,
			);
			runOnlyForDeploymentPostprocessing = 0;
		};
/* End PBXSourcesBuildPhase section */

/* Begin PBXTargetDependency section */
		1457AA2C22C214BA0010170F /* PBXTargetDependency */ = {
			isa = PBXTargetDependency;
			target = 1457AA1522C214B90010170F /* RecordForChat */;
			targetProxy = 1457AA2B22C214BA0010170F /* PBXContainerItemProxy */;
		};
		1457AA3722C214BA0010170F /* PBXTargetDependency */ = {
			isa = PBXTargetDependency;
			target = 1457AA1522C214B90010170F /* RecordForChat */;
			targetProxy = 1457AA3622C214BA0010170F /* PBXContainerItemProxy */;
		};
/* End PBXTargetDependency section */

/* Begin PBXVariantGroup section */
		1457AA1D22C214B90010170F /* Main.storyboard */ = {
			isa = PBXVariantGroup;
			children = (
				1457AA1E22C214B90010170F /* Base */,
			);
			name = Main.storyboard;
			sourceTree = "<group>";
		};
		1457AA2222C214BA0010170F /* LaunchScreen.storyboard */ = {
			isa = PBXVariantGroup;
			children = (
				1457AA2322C214BA0010170F /* Base */,
			);
			name = LaunchScreen.storyboard;
			sourceTree = "<group>";
		};
/* End PBXVariantGroup section */

/* Begin XCBuildConfiguration section */
		1457AA3C22C214BA0010170F /* Debug */ = {
			isa = XCBuildConfiguration;
			buildSettings = {
				ALWAYS_SEARCH_USER_PATHS = NO;
				CLANG_ANALYZER_NONNULL = YES;
				CLANG_ANALYZER_NUMBER_OBJECT_CONVERSION = YES_AGGRESSIVE;
				CLANG_CXX_LANGUAGE_STANDARD = "gnu++14";
				CLANG_CXX_LIBRARY = "libc++";
				CLANG_ENABLE_MODULES = YES;
				CLANG_ENABLE_OBJC_ARC = YES;
				CLANG_ENABLE_OBJC_WEAK = YES;
				CLANG_WARN_BLOCK_CAPTURE_AUTORELEASING = YES;
				CLANG_WARN_BOOL_CONVERSION = YES;
				CLANG_WARN_COMMA = YES;
				CLANG_WARN_CONSTANT_CONVERSION = YES;
				CLANG_WARN_DEPRECATED_OBJC_IMPLEMENTATIONS = YES;
				CLANG_WARN_DIRECT_OBJC_ISA_USAGE = YES_ERROR;
				CLANG_WARN_DOCUMENTATION_COMMENTS = YES;
				CLANG_WARN_EMPTY_BODY = YES;
				CLANG_WARN_ENUM_CONVERSION = YES;
				CLANG_WARN_INFINITE_RECURSION = YES;
				CLANG_WARN_INT_CONVERSION = YES;
				CLANG_WARN_NON_LITERAL_NULL_CONVERSION = YES;
				CLANG_WARN_OBJC_IMPLICIT_RETAIN_SELF = YES;
				CLANG_WARN_OBJC_LITERAL_CONVERSION = YES;
				CLANG_WARN_OBJC_ROOT_CLASS = YES_ERROR;
				CLANG_WARN_RANGE_LOOP_ANALYSIS = YES;
				CLANG_WARN_STRICT_PROTOTYPES = YES;
				CLANG_WARN_SUSPICIOUS_MOVE = YES;
				CLANG_WARN_UNGUARDED_AVAILABILITY = YES_AGGRESSIVE;
				CLANG_WARN_UNREACHABLE_CODE = YES;
				CLANG_WARN__DUPLICATE_METHOD_MATCH = YES;
				CODE_SIGN_IDENTITY = "iPhone Developer";
				COPY_PHASE_STRIP = NO;
				DEBUG_INFORMATION_FORMAT = dwarf;
				ENABLE_STRICT_OBJC_MSGSEND = YES;
				ENABLE_TESTABILITY = YES;
				GCC_C_LANGUAGE_STANDARD = gnu11;
				GCC_DYNAMIC_NO_PIC = NO;
				GCC_NO_COMMON_BLOCKS = YES;
				GCC_OPTIMIZATION_LEVEL = 0;
				GCC_PREPROCESSOR_DEFINITIONS = (
					"DEBUG=1",
					"$(inherited)",
				);
				GCC_WARN_64_TO_32_BIT_CONVERSION = YES;
				GCC_WARN_ABOUT_RETURN_TYPE = YES_ERROR;
				GCC_WARN_UNDECLARED_SELECTOR = YES;
				GCC_WARN_UNINITIALIZED_AUTOS = YES_AGGRESSIVE;
				GCC_WARN_UNUSED_FUNCTION = YES;
				GCC_WARN_UNUSED_VARIABLE = YES;
				IPHONEOS_DEPLOYMENT_TARGET = 12.1;
				MTL_ENABLE_DEBUG_INFO = INCLUDE_SOURCE;
				MTL_FAST_MATH = YES;
				ONLY_ACTIVE_ARCH = YES;
				SDKROOT = iphoneos;
				SWIFT_ACTIVE_COMPILATION_CONDITIONS = DEBUG;
				SWIFT_OPTIMIZATION_LEVEL = "-Onone";
			};
			name = Debug;
		};
		1457AA3D22C214BA0010170F /* Release */ = {
			isa = XCBuildConfiguration;
			buildSettings = {
				ALWAYS_SEARCH_USER_PATHS = NO;
				CLANG_ANALYZER_NONNULL = YES;
				CLANG_ANALYZER_NUMBER_OBJECT_CONVERSION = YES_AGGRESSIVE;
				CLANG_CXX_LANGUAGE_STANDARD = "gnu++14";
				CLANG_CXX_LIBRARY = "libc++";
				CLANG_ENABLE_MODULES = YES;
				CLANG_ENABLE_OBJC_ARC = YES;
				CLANG_ENABLE_OBJC_WEAK = YES;
				CLANG_WARN_BLOCK_CAPTURE_AUTORELEASING = YES;
				CLANG_WARN_BOOL_CONVERSION = YES;
				CLANG_WARN_COMMA = YES;
				CLANG_WARN_CONSTANT_CONVERSION = YES;
				CLANG_WARN_DEPRECATED_OBJC_IMPLEMENTATIONS = YES;
				CLANG_WARN_DIRECT_OBJC_ISA_USAGE = YES_ERROR;
				CLANG_WARN_DOCUMENTATION_COMMENTS = YES;
				CLANG_WARN_EMPTY_BODY = YES;
				CLANG_WARN_ENUM_CONVERSION = YES;
				CLANG_WARN_INFINITE_RECURSION = YES;
				CLANG_WARN_INT_CONVERSION = YES;
				CLANG_WARN_NON_LITERAL_NULL_CONVERSION = YES;
				CLANG_WARN_OBJC_IMPLICIT_RETAIN_SELF = YES;
				CLANG_WARN_OBJC_LITERAL_CONVERSION = YES;
				CLANG_WARN_OBJC_ROOT_CLASS = YES_ERROR;
				CLANG_WARN_RANGE_LOOP_ANALYSIS = YES;
				CLANG_WARN_STRICT_PROTOTYPES = YES;
				CLANG_WARN_SUSPICIOUS_MOVE = YES;
				CLANG_WARN_UNGUARDED_AVAILABILITY = YES_AGGRESSIVE;
				CLANG_WARN_UNREACHABLE_CODE = YES;
				CLANG_WARN__DUPLICATE_METHOD_MATCH = YES;
				CODE_SIGN_IDENTITY = "iPhone Developer";
				COPY_PHASE_STRIP = NO;
				DEBUG_INFORMATION_FORMAT = "dwarf-with-dsym";
				ENABLE_NS_ASSERTIONS = NO;
				ENABLE_STRICT_OBJC_MSGSEND = YES;
				GCC_C_LANGUAGE_STANDARD = gnu11;
				GCC_NO_COMMON_BLOCKS = YES;
				GCC_WARN_64_TO_32_BIT_CONVERSION = YES;
				GCC_WARN_ABOUT_RETURN_TYPE = YES_ERROR;
				GCC_WARN_UNDECLARED_SELECTOR = YES;
				GCC_WARN_UNINITIALIZED_AUTOS = YES_AGGRESSIVE;
				GCC_WARN_UNUSED_FUNCTION = YES;
				GCC_WARN_UNUSED_VARIABLE = YES;
				IPHONEOS_DEPLOYMENT_TARGET = 12.1;
				MTL_ENABLE_DEBUG_INFO = NO;
				MTL_FAST_MATH = YES;
				SDKROOT = iphoneos;
				SWIFT_COMPILATION_MODE = wholemodule;
				SWIFT_OPTIMIZATION_LEVEL = "-O";
				VALIDATE_PRODUCT = YES;
			};
			name = Release;
		};
		1457AA3F22C214BA0010170F /* Debug */ = {
			isa = XCBuildConfiguration;
			buildSettings = {
				ASSETCATALOG_COMPILER_APPICON_NAME = AppIcon;
				CODE_SIGN_STYLE = Automatic;
				DEVELOPMENT_TEAM = EJ429UWLN6;
				INFOPLIST_FILE = RecordForChat/Info.plist;
				IPHONEOS_DEPLOYMENT_TARGET = 11.0;
				LD_RUNPATH_SEARCH_PATHS = (
					"$(inherited)",
					"@executable_path/Frameworks",
				);
				PRODUCT_BUNDLE_IDENTIFIER = com.wq.RecordForChat;
				PRODUCT_NAME = "$(TARGET_NAME)";
				SWIFT_VERSION = 4.2;
				TARGETED_DEVICE_FAMILY = "1,2";
			};
			name = Debug;
		};
		1457AA4022C214BA0010170F /* Release */ = {
			isa = XCBuildConfiguration;
			buildSettings = {
				ASSETCATALOG_COMPILER_APPICON_NAME = AppIcon;
				CODE_SIGN_STYLE = Automatic;
				DEVELOPMENT_TEAM = EJ429UWLN6;
				INFOPLIST_FILE = RecordForChat/Info.plist;
				IPHONEOS_DEPLOYMENT_TARGET = 11.0;
				LD_RUNPATH_SEARCH_PATHS = (
					"$(inherited)",
					"@executable_path/Frameworks",
				);
				PRODUCT_BUNDLE_IDENTIFIER = com.wq.RecordForChat;
				PRODUCT_NAME = "$(TARGET_NAME)";
				SWIFT_VERSION = 4.2;
				TARGETED_DEVICE_FAMILY = "1,2";
			};
			name = Release;
		};
		1457AA4222C214BA0010170F /* Debug */ = {
			isa = XCBuildConfiguration;
			buildSettings = {
				ALWAYS_EMBED_SWIFT_STANDARD_LIBRARIES = YES;
				BUNDLE_LOADER = "$(TEST_HOST)";
				CODE_SIGN_STYLE = Automatic;
				DEVELOPMENT_TEAM = EJ429UWLN6;
				INFOPLIST_FILE = RecordForChatTests/Info.plist;
				LD_RUNPATH_SEARCH_PATHS = (
					"$(inherited)",
					"@executable_path/Frameworks",
					"@loader_path/Frameworks",
				);
				PRODUCT_BUNDLE_IDENTIFIER = com.wq.RecordForChatTests;
				PRODUCT_NAME = "$(TARGET_NAME)";
				SWIFT_VERSION = 4.2;
				TARGETED_DEVICE_FAMILY = "1,2";
				TEST_HOST = "$(BUILT_PRODUCTS_DIR)/RecordForChat.app/RecordForChat";
			};
			name = Debug;
		};
		1457AA4322C214BA0010170F /* Release */ = {
			isa = XCBuildConfiguration;
			buildSettings = {
				ALWAYS_EMBED_SWIFT_STANDARD_LIBRARIES = YES;
				BUNDLE_LOADER = "$(TEST_HOST)";
				CODE_SIGN_STYLE = Automatic;
				DEVELOPMENT_TEAM = EJ429UWLN6;
				INFOPLIST_FILE = RecordForChatTests/Info.plist;
				LD_RUNPATH_SEARCH_PATHS = (
					"$(inherited)",
					"@executable_path/Frameworks",
					"@loader_path/Frameworks",
				);
				PRODUCT_BUNDLE_IDENTIFIER = com.wq.RecordForChatTests;
				PRODUCT_NAME = "$(TARGET_NAME)";
				SWIFT_VERSION = 4.2;
				TARGETED_DEVICE_FAMILY = "1,2";
				TEST_HOST = "$(BUILT_PRODUCTS_DIR)/RecordForChat.app/RecordForChat";
			};
			name = Release;
		};
		1457AA4522C214BA0010170F /* Debug */ = {
			isa = XCBuildConfiguration;
			buildSettings = {
				ALWAYS_EMBED_SWIFT_STANDARD_LIBRARIES = YES;
				CODE_SIGN_STYLE = Automatic;
				DEVELOPMENT_TEAM = EJ429UWLN6;
				INFOPLIST_FILE = RecordForChatUITests/Info.plist;
				LD_RUNPATH_SEARCH_PATHS = (
					"$(inherited)",
					"@executable_path/Frameworks",
					"@loader_path/Frameworks",
				);
				PRODUCT_BUNDLE_IDENTIFIER = com.wq.RecordForChatUITests;
				PRODUCT_NAME = "$(TARGET_NAME)";
				SWIFT_VERSION = 4.2;
				TARGETED_DEVICE_FAMILY = "1,2";
				TEST_TARGET_NAME = RecordForChat;
			};
			name = Debug;
		};
		1457AA4622C214BA0010170F /* Release */ = {
			isa = XCBuildConfiguration;
			buildSettings = {
				ALWAYS_EMBED_SWIFT_STANDARD_LIBRARIES = YES;
				CODE_SIGN_STYLE = Automatic;
				DEVELOPMENT_TEAM = EJ429UWLN6;
				INFOPLIST_FILE = RecordForChatUITests/Info.plist;
				LD_RUNPATH_SEARCH_PATHS = (
					"$(inherited)",
					"@executable_path/Frameworks",
					"@loader_path/Frameworks",
				);
				PRODUCT_BUNDLE_IDENTIFIER = com.wq.RecordForChatUITests;
				PRODUCT_NAME = "$(TARGET_NAME)";
				SWIFT_VERSION = 4.2;
				TARGETED_DEVICE_FAMILY = "1,2";
				TEST_TARGET_NAME = RecordForChat;
			};
			name = Release;
		};
/* End XCBuildConfiguration section */

/* Begin XCConfigurationList section */
		1457AA1122C214B90010170F /* Build configuration list for PBXProject "RecordForChat" */ = {
			isa = XCConfigurationList;
			buildConfigurations = (
				1457AA3C22C214BA0010170F /* Debug */,
				1457AA3D22C214BA0010170F /* Release */,
			);
			defaultConfigurationIsVisible = 0;
			defaultConfigurationName = Release;
		};
		1457AA3E22C214BA0010170F /* Build configuration list for PBXNativeTarget "RecordForChat" */ = {
			isa = XCConfigurationList;
			buildConfigurations = (
				1457AA3F22C214BA0010170F /* Debug */,
				1457AA4022C214BA0010170F /* Release */,
			);
			defaultConfigurationIsVisible = 0;
			defaultConfigurationName = Release;
		};
		1457AA4122C214BA0010170F /* Build configuration list for PBXNativeTarget "RecordForChatTests" */ = {
			isa = XCConfigurationList;
			buildConfigurations = (
				1457AA4222C214BA0010170F /* Debug */,
				1457AA4322C214BA0010170F /* Release */,
			);
			defaultConfigurationIsVisible = 0;
			defaultConfigurationName = Release;
		};
		1457AA4422C214BA0010170F /* Build configuration list for PBXNativeTarget "RecordForChatUITests" */ = {
			isa = XCConfigurationList;
			buildConfigurations = (
				1457AA4522C214BA0010170F /* Debug */,
				1457AA4622C214BA0010170F /* Release */,
			);
			defaultConfigurationIsVisible = 0;
			defaultConfigurationName = Release;
		};
/* End XCConfigurationList section */
	};
	rootObject = 1457AA0E22C214B90010170F /* Project object */;
}
